
Microsoft Visual Studio Solution File, Format Version 12.00
# Visual Studio 15
VisualStudioVersion = 15.0.27428.2037
MinimumVisualStudioVersion = 10.0.40219.1
Project("{FAE04EC0-301F-11D3-BF4B-00C04F79EFBC}") = "CatCommuter.Android", "CatCommuter\CatCommuter.Android\CatCommuter.Android.csproj", "{771A1EC5-A86D-49AE-9606-F7311FD95711}"
EndProject
Project("{FAE04EC0-301F-11D3-BF4B-00C04F79EFBC}") = "CatCommuter.iOS", "CatCommuter\CatCommuter.iOS\CatCommuter.iOS.csproj", "{3279E1FF-C1F2-499F-8C01-1047B652DA5B}"
EndProject
Project("{FAE04EC0-301F-11D3-BF4B-00C04F79EFBC}") = "CatCommuter.UWP", "CatCommuter\CatCommuter.UWP\CatCommuter.UWP.csproj", "{5EA8B834-510D-4BF6-B67A-1E20F4ABEEBD}"
EndProject
Project("{D954291E-2A0B-460D-934E-DC6B0785DB48}") = "CatCommuter", "CatCommuter\CatCommuter\CatCommuter.shproj", "{506F09B7-7A6B-435D-AD5C-80C7DFFE2B90}"
EndProject
Global
	GlobalSection(SharedMSBuildProjectFiles) = preSolution
		CatCommuter\CatCommuter\CatCommuter.projitems*{3279e1ff-c1f2-499f-8c01-1047b652da5b}*SharedItemsImports = 4
		CatCommuter\CatCommuter\CatCommuter.projitems*{506f09b7-7a6b-435d-ad5c-80c7dffe2b90}*SharedItemsImports = 13
		CatCommuter\CatCommuter\CatCommuter.projitems*{5ea8b834-510d-4bf6-b67a-1e20f4abeebd}*SharedItemsImports = 4
		CatCommuter\CatCommuter\CatCommuter.projitems*{771a1ec5-a86d-49ae-9606-f7311fd95711}*SharedItemsImports = 4
	EndGlobalSection
	GlobalSection(SolutionConfigurationPlatforms) = preSolution
		Ad-Hoc|Any CPU = Ad-Hoc|Any CPU
		Ad-Hoc|ARM = Ad-Hoc|ARM
		Ad-Hoc|iPhone = Ad-Hoc|iPhone
		Ad-Hoc|iPhoneSimulator = Ad-Hoc|iPhoneSimulator
		Ad-Hoc|x64 = Ad-Hoc|x64
		Ad-Hoc|x86 = Ad-Hoc|x86
		AppStore|Any CPU = AppStore|Any CPU
		AppStore|ARM = AppStore|ARM
		AppStore|iPhone = AppStore|iPhone
		AppStore|iPhoneSimulator = AppStore|iPhoneSimulator
		AppStore|x64 = AppStore|x64
		AppStore|x86 = AppStore|x86
		Debug|Any CPU = Debug|Any CPU
		Debug|ARM = Debug|ARM
		Debug|iPhone = Debug|iPhone
		Debug|iPhoneSimulator = Debug|iPhoneSimulator
		Debug|x64 = Debug|x64
		Debug|x86 = Debug|x86
		Release|Any CPU = Release|Any CPU
		Release|ARM = Release|ARM
		Release|iPhone = Release|iPhone
		Release|iPhoneSimulator = Release|iPhoneSimulator
		Release|x64 = Release|x64
		Release|x86 = Release|x86
	EndGlobalSection
	GlobalSection(ProjectConfigurationPlatforms) = postSolution
		{771A1EC5-A86D-49AE-9606-F7311FD95711}.Ad-Hoc|Any CPU.ActiveCfg = Release|Any CPU
		{771A1EC5-A86D-49AE-9606-F7311FD95711}.Ad-Hoc|Any CPU.Build.0 = Release|Any CPU
		{771A1EC5-A86D-49AE-9606-F7311FD95711}.Ad-Hoc|Any CPU.Deploy.0 = Release|Any CPU
		{771A1EC5-A86D-49AE-9606-F7311FD95711}.Ad-Hoc|ARM.ActiveCfg = Release|Any CPU
		{771A1EC5-A86D-49AE-9606-F7311FD95711}.Ad-Hoc|ARM.Build.0 = Release|Any CPU
		{771A1EC5-A86D-49AE-9606-F7311FD95711}.Ad-Hoc|ARM.Deploy.0 = Release|Any CPU
		{771A1EC5-A86D-49AE-9606-F7311FD95711}.Ad-Hoc|iPhone.ActiveCfg = Release|Any CPU
		{771A1EC5-A86D-49AE-9606-F7311FD95711}.Ad-Hoc|iPhone.Build.0 = Release|Any CPU
		{771A1EC5-A86D-49AE-9606-F7311FD95711}.Ad-Hoc|iPhone.Deploy.0 = Release|Any CPU
		{771A1EC5-A86D-49AE-9606-F7311FD95711}.Ad-Hoc|iPhoneSimulator.ActiveCfg = Release|Any CPU
		{771A1EC5-A86D-49AE-9606-F7311FD95711}.Ad-Hoc|iPhoneSimulator.Build.0 = Release|Any CPU
		{771A1EC5-A86D-49AE-9606-F7311FD95711}.Ad-Hoc|iPhoneSimulator.Deploy.0 = Release|Any CPU
		{771A1EC5-A86D-49AE-9606-F7311FD95711}.Ad-Hoc|x64.ActiveCfg = Release|Any CPU
		{771A1EC5-A86D-49AE-9606-F7311FD95711}.Ad-Hoc|x64.Build.0 = Release|Any CPU
		{771A1EC5-A86D-49AE-9606-F7311FD95711}.Ad-Hoc|x64.Deploy.0 = Release|Any CPU
		{771A1EC5-A86D-49AE-9606-F7311FD95711}.Ad-Hoc|x86.ActiveCfg = Release|Any CPU
		{771A1EC5-A86D-49AE-9606-F7311FD95711}.Ad-Hoc|x86.Build.0 = Release|Any CPU
		{771A1EC5-A86D-49AE-9606-F7311FD95711}.Ad-Hoc|x86.Deploy.0 = Release|Any CPU
		{771A1EC5-A86D-49AE-9606-F7311FD95711}.AppStore|Any CPU.ActiveCfg = Release|Any CPU
		{771A1EC5-A86D-49AE-9606-F7311FD95711}.AppStore|Any CPU.Build.0 = Release|Any CPU
		{771A1EC5-A86D-49AE-9606-F7311FD95711}.AppStore|Any CPU.Deploy.0 = Release|Any CPU
		{771A1EC5-A86D-49AE-9606-F7311FD95711}.AppStore|ARM.ActiveCfg = Release|Any CPU
		{771A1EC5-A86D-49AE-9606-F7311FD95711}.AppStore|ARM.Build.0 = Release|Any CPU
		{771A1EC5-A86D-49AE-9606-F7311FD95711}.AppStore|ARM.Deploy.0 = Release|Any CPU
		{771A1EC5-A86D-49AE-9606-F7311FD95711}.AppStore|iPhone.ActiveCfg = Release|Any CPU
		{771A1EC5-A86D-49AE-9606-F7311FD95711}.AppStore|iPhone.Build.0 = Release|Any CPU
		{771A1EC5-A86D-49AE-9606-F7311FD95711}.AppStore|iPhone.Deploy.0 = Release|Any CPU
		{771A1EC5-A86D-49AE-9606-F7311FD95711}.AppStore|iPhoneSimulator.ActiveCfg = Release|Any CPU
		{771A1EC5-A86D-49AE-9606-F7311FD95711}.AppStore|iPhoneSimulator.Build.0 = Release|Any CPU
		{771A1EC5-A86D-49AE-9606-F7311FD95711}.AppStore|iPhoneSimulator.Deploy.0 = Release|Any CPU
		{771A1EC5-A86D-49AE-9606-F7311FD95711}.AppStore|x64.ActiveCfg = Release|Any CPU
		{771A1EC5-A86D-49AE-9606-F7311FD95711}.AppStore|x64.Build.0 = Release|Any CPU
		{771A1EC5-A86D-49AE-9606-F7311FD95711}.AppStore|x64.Deploy.0 = Release|Any CPU
		{771A1EC5-A86D-49AE-9606-F7311FD95711}.AppStore|x86.ActiveCfg = Release|Any CPU
		{771A1EC5-A86D-49AE-9606-F7311FD95711}.AppStore|x86.Build.0 = Release|Any CPU
		{771A1EC5-A86D-49AE-9606-F7311FD95711}.AppStore|x86.Deploy.0 = Release|Any CPU
		{771A1EC5-A86D-49AE-9606-F7311FD95711}.Debug|Any CPU.ActiveCfg = Debug|Any CPU
		{771A1EC5-A86D-49AE-9606-F7311FD95711}.Debug|Any CPU.Build.0 = Debug|Any CPU
		{771A1EC5-A86D-49AE-9606-F7311FD95711}.Debug|Any CPU.Deploy.0 = Debug|Any CPU
		{771A1EC5-A86D-49AE-9606-F7311FD95711}.Debug|ARM.ActiveCfg = Debug|Any CPU
		{771A1EC5-A86D-49AE-9606-F7311FD95711}.Debug|ARM.Build.0 = Debug|Any CPU
		{771A1EC5-A86D-49AE-9606-F7311FD95711}.Debug|ARM.Deploy.0 = Debug|Any CPU
		{771A1EC5-A86D-49AE-9606-F7311FD95711}.Debug|iPhone.ActiveCfg = Debug|Any CPU
		{771A1EC5-A86D-49AE-9606-F7311FD95711}.Debug|iPhone.Build.0 = Debug|Any CPU
		{771A1EC5-A86D-49AE-9606-F7311FD95711}.Debug|iPhone.Deploy.0 = Debug|Any CPU
		{771A1EC5-A86D-49AE-9606-F7311FD95711}.Debug|iPhoneSimulator.ActiveCfg = Debug|Any CPU
		{771A1EC5-A86D-49AE-9606-F7311FD95711}.Debug|iPhoneSimulator.Build.0 = Debug|Any CPU
		{771A1EC5-A86D-49AE-9606-F7311FD95711}.Debug|iPhoneSimulator.Deploy.0 = Debug|Any CPU
		{771A1EC5-A86D-49AE-9606-F7311FD95711}.Debug|x64.ActiveCfg = Debug|Any CPU
		{771A1EC5-A86D-49AE-9606-F7311FD95711}.Debug|x64.Build.0 = Debug|Any CPU
		{771A1EC5-A86D-49AE-9606-F7311FD95711}.Debug|x64.Deploy.0 = Debug|Any CPU
		{771A1EC5-A86D-49AE-9606-F7311FD95711}.Debug|x86.ActiveCfg = Debug|Any CPU
		{771A1EC5-A86D-49AE-9606-F7311FD95711}.Debug|x86.Build.0 = Debug|Any CPU
		{771A1EC5-A86D-49AE-9606-F7311FD95711}.Debug|x86.Deploy.0 = Debug|Any CPU
		{771A1EC5-A86D-49AE-9606-F7311FD95711}.Release|Any CPU.ActiveCfg = Release|Any CPU
		{771A1EC5-A86D-49AE-9606-F7311FD95711}.Release|Any CPU.Build.0 = Release|Any CPU
		{771A1EC5-A86D-49AE-9606-F7311FD95711}.Release|Any CPU.Deploy.0 = Release|Any CPU
		{771A1EC5-A86D-49AE-9606-F7311FD95711}.Release|ARM.ActiveCfg = Release|Any CPU
		{771A1EC5-A86D-49AE-9606-F7311FD95711}.Release|ARM.Build.0 = Release|Any CPU
		{771A1EC5-A86D-49AE-9606-F7311FD95711}.Release|ARM.Deploy.0 = Release|Any CPU
		{771A1EC5-A86D-49AE-9606-F7311FD95711}.Release|iPhone.ActiveCfg = Release|Any CPU
		{771A1EC5-A86D-49AE-9606-F7311FD95711}.Release|iPhone.Build.0 = Release|Any CPU
		{771A1EC5-A86D-49AE-9606-F7311FD95711}.Release|iPhone.Deploy.0 = Release|Any CPU
		{771A1EC5-A86D-49AE-9606-F7311FD95711}.Release|iPhoneSimulator.ActiveCfg = Release|Any CPU
		{771A1EC5-A86D-49AE-9606-F7311FD95711}.Release|iPhoneSimulator.Build.0 = Release|Any CPU
		{771A1EC5-A86D-49AE-9606-F7311FD95711}.Release|iPhoneSimulator.Deploy.0 = Release|Any CPU
		{771A1EC5-A86D-49AE-9606-F7311FD95711}.Release|x64.ActiveCfg = Release|Any CPU
		{771A1EC5-A86D-49AE-9606-F7311FD95711}.Release|x64.Build.0 = Release|Any CPU
		{771A1EC5-A86D-49AE-9606-F7311FD95711}.Release|x64.Deploy.0 = Release|Any CPU
		{771A1EC5-A86D-49AE-9606-F7311FD95711}.Release|x86.ActiveCfg = Release|Any CPU
		{771A1EC5-A86D-49AE-9606-F7311FD95711}.Release|x86.Build.0 = Release|Any CPU
		{771A1EC5-A86D-49AE-9606-F7311FD95711}.Release|x86.Deploy.0 = Release|Any CPU
		{3279E1FF-C1F2-499F-8C01-1047B652DA5B}.Ad-Hoc|Any CPU.ActiveCfg = Ad-Hoc|iPhone
		{3279E1FF-C1F2-499F-8C01-1047B652DA5B}.Ad-Hoc|ARM.ActiveCfg = Ad-Hoc|iPhone
		{3279E1FF-C1F2-499F-8C01-1047B652DA5B}.Ad-Hoc|iPhone.ActiveCfg = Ad-Hoc|iPhone
		{3279E1FF-C1F2-499F-8C01-1047B652DA5B}.Ad-Hoc|iPhone.Build.0 = Ad-Hoc|iPhone
		{3279E1FF-C1F2-499F-8C01-1047B652DA5B}.Ad-Hoc|iPhoneSimulator.ActiveCfg = Ad-Hoc|iPhoneSimulator
		{3279E1FF-C1F2-499F-8C01-1047B652DA5B}.Ad-Hoc|iPhoneSimulator.Build.0 = Ad-Hoc|iPhoneSimulator
		{3279E1FF-C1F2-499F-8C01-1047B652DA5B}.Ad-Hoc|x64.ActiveCfg = Ad-Hoc|iPhone
		{3279E1FF-C1F2-499F-8C01-1047B652DA5B}.Ad-Hoc|x86.ActiveCfg = Ad-Hoc|iPhone
		{3279E1FF-C1F2-499F-8C01-1047B652DA5B}.AppStore|Any CPU.ActiveCfg = AppStore|iPhone
		{3279E1FF-C1F2-499F-8C01-1047B652DA5B}.AppStore|ARM.ActiveCfg = AppStore|iPhone
		{3279E1FF-C1F2-499F-8C01-1047B652DA5B}.AppStore|iPhone.ActiveCfg = AppStore|iPhone
		{3279E1FF-C1F2-499F-8C01-1047B652DA5B}.AppStore|iPhone.Build.0 = AppStore|iPhone
		{3279E1FF-C1F2-499F-8C01-1047B652DA5B}.AppStore|iPhoneSimulator.ActiveCfg = AppStore|iPhoneSimulator
		{3279E1FF-C1F2-499F-8C01-1047B652DA5B}.AppStore|iPhoneSimulator.Build.0 = AppStore|iPhoneSimulator
		{3279E1FF-C1F2-499F-8C01-1047B652DA5B}.AppStore|x64.ActiveCfg = AppStore|iPhone
		{3279E1FF-C1F2-499F-8C01-1047B652DA5B}.AppStore|x86.ActiveCfg = AppStore|iPhone
		{3279E1FF-C1F2-499F-8C01-1047B652DA5B}.Debug|Any CPU.ActiveCfg = Debug|iPhone
		{3279E1FF-C1F2-499F-8C01-1047B652DA5B}.Debug|ARM.ActiveCfg = Debug|iPhone
		{3279E1FF-C1F2-499F-8C01-1047B652DA5B}.Debug|iPhone.ActiveCfg = Debug|iPhone
		{3279E1FF-C1F2-499F-8C01-1047B652DA5B}.Debug|iPhone.Build.0 = Debug|iPhone
		{3279E1FF-C1F2-499F-8C01-1047B652DA5B}.Debug|iPhoneSimulator.ActiveCfg = Debug|iPhoneSimulator
		{3279E1FF-C1F2-499F-8C01-1047B652DA5B}.Debug|iPhoneSimulator.Build.0 = Debug|iPhoneSimulator
		{3279E1FF-C1F2-499F-8C01-1047B652DA5B}.Debug|x64.ActiveCfg = Debug|iPhone
		{3279E1FF-C1F2-499F-8C01-1047B652DA5B}.Debug|x86.ActiveCfg = Debug|iPhone
		{3279E1FF-C1F2-499F-8C01-1047B652DA5B}.Release|Any CPU.ActiveCfg = Release|iPhone
		{3279E1FF-C1F2-499F-8C01-1047B652DA5B}.Release|ARM.ActiveCfg = Release|iPhone
		{3279E1FF-C1F2-499F-8C01-1047B652DA5B}.Release|iPhone.ActiveCfg = Release|iPhone
		{3279E1FF-C1F2-499F-8C01-1047B652DA5B}.Release|iPhone.Build.0 = Release|iPhone
		{3279E1FF-C1F2-499F-8C01-1047B652DA5B}.Release|iPhoneSimulator.ActiveCfg = Release|iPhoneSimulator
		{3279E1FF-C1F2-499F-8C01-1047B652DA5B}.Release|iPhoneSimulator.Build.0 = Release|iPhoneSimulator
		{3279E1FF-C1F2-499F-8C01-1047B652DA5B}.Release|x64.ActiveCfg = Release|iPhone
		{3279E1FF-C1F2-499F-8C01-1047B652DA5B}.Release|x86.ActiveCfg = Release|iPhone
		{5EA8B834-510D-4BF6-B67A-1E20F4ABEEBD}.Ad-Hoc|Any CPU.ActiveCfg = Release|x86
		{5EA8B834-510D-4BF6-B67A-1E20F4ABEEBD}.Ad-Hoc|Any CPU.Build.0 = Release|x86
		{5EA8B834-510D-4BF6-B67A-1E20F4ABEEBD}.Ad-Hoc|Any CPU.Deploy.0 = Release|x86
		{5EA8B834-510D-4BF6-B67A-1E20F4ABEEBD}.Ad-Hoc|ARM.ActiveCfg = Release|ARM
		{5EA8B834-510D-4BF6-B67A-1E20F4ABEEBD}.Ad-Hoc|ARM.Build.0 = Release|ARM
		{5EA8B834-510D-4BF6-B67A-1E20F4ABEEBD}.Ad-Hoc|ARM.Deploy.0 = Release|ARM
		{5EA8B834-510D-4BF6-B67A-1E20F4ABEEBD}.Ad-Hoc|iPhone.ActiveCfg = Release|x86
		{5EA8B834-510D-4BF6-B67A-1E20F4ABEEBD}.Ad-Hoc|iPhone.Build.0 = Release|x86
		{5EA8B834-510D-4BF6-B67A-1E20F4ABEEBD}.Ad-Hoc|iPhone.Deploy.0 = Release|x86
		{5EA8B834-510D-4BF6-B67A-1E20F4ABEEBD}.Ad-Hoc|iPhoneSimulator.ActiveCfg = Release|x86
		{5EA8B834-510D-4BF6-B67A-1E20F4ABEEBD}.Ad-Hoc|iPhoneSimulator.Build.0 = Release|x86
		{5EA8B834-510D-4BF6-B67A-1E20F4ABEEBD}.Ad-Hoc|iPhoneSimulator.Deploy.0 = Release|x86
		{5EA8B834-510D-4BF6-B67A-1E20F4ABEEBD}.Ad-Hoc|x64.ActiveCfg = Release|x64
		{5EA8B834-510D-4BF6-B67A-1E20F4ABEEBD}.Ad-Hoc|x64.Build.0 = Release|x64
		{5EA8B834-510D-4BF6-B67A-1E20F4ABEEBD}.Ad-Hoc|x64.Deploy.0 = Release|x64
		{5EA8B834-510D-4BF6-B67A-1E20F4ABEEBD}.Ad-Hoc|x86.ActiveCfg = Release|x86
		{5EA8B834-510D-4BF6-B67A-1E20F4ABEEBD}.Ad-Hoc|x86.Build.0 = Release|x86
		{5EA8B834-510D-4BF6-B67A-1E20F4ABEEBD}.Ad-Hoc|x86.Deploy.0 = Release|x86
		{5EA8B834-510D-4BF6-B67A-1E20F4ABEEBD}.AppStore|Any CPU.ActiveCfg = Release|x86
		{5EA8B834-510D-4BF6-B67A-1E20F4ABEEBD}.AppStore|Any CPU.Build.0 = Release|x86
		{5EA8B834-510D-4BF6-B67A-1E20F4ABEEBD}.AppStore|Any CPU.Deploy.0 = Release|x86
		{5EA8B834-510D-4BF6-B67A-1E20F4ABEEBD}.AppStore|ARM.ActiveCfg = Release|ARM
		{5EA8B834-510D-4BF6-B67A-1E20F4ABEEBD}.AppStore|ARM.Build.0 = Release|ARM
		{5EA8B834-510D-4BF6-B67A-1E20F4ABEEBD}.AppStore|ARM.Deploy.0 = Release|ARM
		{5EA8B834-510D-4BF6-B67A-1E20F4ABEEBD}.AppStore|iPhone.ActiveCfg = Release|x86
		{5EA8B834-510D-4BF6-B67A-1E20F4ABEEBD}.AppStore|iPhone.Build.0 = Release|x86
		{5EA8B834-510D-4BF6-B67A-1E20F4ABEEBD}.AppStore|iPhone.Deploy.0 = Release|x86
		{5EA8B834-510D-4BF6-B67A-1E20F4ABEEBD}.AppStore|iPhoneSimulator.ActiveCfg = Release|x86
		{5EA8B834-510D-4BF6-B67A-1E20F4ABEEBD}.AppStore|iPhoneSimulator.Build.0 = Release|x86
		{5EA8B834-510D-4BF6-B67A-1E20F4ABEEBD}.AppStore|iPhoneSimulator.Deploy.0 = Release|x86
		{5EA8B834-510D-4BF6-B67A-1E20F4ABEEBD}.AppStore|x64.ActiveCfg = Release|x64
		{5EA8B834-510D-4BF6-B67A-1E20F4ABEEBD}.AppStore|x64.Build.0 = Release|x64
		{5EA8B834-510D-4BF6-B67A-1E20F4ABEEBD}.AppStore|x64.Deploy.0 = Release|x64
		{5EA8B834-510D-4BF6-B67A-1E20F4ABEEBD}.AppStore|x86.ActiveCfg = Release|x86
		{5EA8B834-510D-4BF6-B67A-1E20F4ABEEBD}.AppStore|x86.Build.0 = Release|x86
		{5EA8B834-510D-4BF6-B67A-1E20F4ABEEBD}.AppStore|x86.Deploy.0 = Release|x86
		{5EA8B834-510D-4BF6-B67A-1E20F4ABEEBD}.Debug|Any CPU.ActiveCfg = Debug|x86
		{5EA8B834-510D-4BF6-B67A-1E20F4ABEEBD}.Debug|ARM.ActiveCfg = Debug|ARM
		{5EA8B834-510D-4BF6-B67A-1E20F4ABEEBD}.Debug|ARM.Build.0 = Debug|ARM
		{5EA8B834-510D-4BF6-B67A-1E20F4ABEEBD}.Debug|ARM.Deploy.0 = Debug|ARM
		{5EA8B834-510D-4BF6-B67A-1E20F4ABEEBD}.Debug|iPhone.ActiveCfg = Debug|x86
		{5EA8B834-510D-4BF6-B67A-1E20F4ABEEBD}.Debug|iPhoneSimulator.ActiveCfg = Debug|x86
		{5EA8B834-510D-4BF6-B67A-1E20F4ABEEBD}.Debug|x64.ActiveCfg = Debug|x64
		{5EA8B834-510D-4BF6-B67A-1E20F4ABEEBD}.Debug|x64.Build.0 = Debug|x64
		{5EA8B834-510D-4BF6-B67A-1E20F4ABEEBD}.Debug|x64.Deploy.0 = Debug|x64
		{5EA8B834-510D-4BF6-B67A-1E20F4ABEEBD}.Debug|x86.ActiveCfg = Debug|x86
		{5EA8B834-510D-4BF6-B67A-1E20F4ABEEBD}.Debug|x86.Build.0 = Debug|x86
		{5EA8B834-510D-4BF6-B67A-1E20F4ABEEBD}.Debug|x86.Deploy.0 = Debug|x86
		{5EA8B834-510D-4BF6-B67A-1E20F4ABEEBD}.Release|Any CPU.ActiveCfg = Release|x86
		{5EA8B834-510D-4BF6-B67A-1E20F4ABEEBD}.Release|ARM.ActiveCfg = Release|ARM
		{5EA8B834-510D-4BF6-B67A-1E20F4ABEEBD}.Release|ARM.Build.0 = Release|ARM
		{5EA8B834-510D-4BF6-B67A-1E20F4ABEEBD}.Release|ARM.Deploy.0 = Release|ARM
		{5EA8B834-510D-4BF6-B67A-1E20F4ABEEBD}.Release|iPhone.ActiveCfg = Release|x86
		{5EA8B834-510D-4BF6-B67A-1E20F4ABEEBD}.Release|iPhoneSimulator.ActiveCfg = Release|x86
		{5EA8B834-510D-4BF6-B67A-1E20F4ABEEBD}.Release|x64.ActiveCfg = Release|x64
		{5EA8B834-510D-4BF6-B67A-1E20F4ABEEBD}.Release|x64.Build.0 = Release|x64
		{5EA8B834-510D-4BF6-B67A-1E20F4ABEEBD}.Release|x64.Deploy.0 = Release|x64
		{5EA8B834-510D-4BF6-B67A-1E20F4ABEEBD}.Release|x86.ActiveCfg = Release|x86
		{5EA8B834-510D-4BF6-B67A-1E20F4ABEEBD}.Release|x86.Build.0 = Release|x86
		{5EA8B834-510D-4BF6-B67A-1E20F4ABEEBD}.Release|x86.Deploy.0 = Release|x86
	EndGlobalSection
	GlobalSection(SolutionProperties) = preSolution
		HideSolutionNode = FALSE
	EndGlobalSection
	GlobalSection(ExtensibilityGlobals) = postSolution
		SolutionGuid = {D33541B5-EF6B-4C7F-9BE4-7FFEB1C853E1}
	EndGlobalSection
EndGlobal
